
Microsoft Visual Studio Solution File, Format Version 12.00
# Visual Studio Version 17
VisualStudioVersion = 17.3.32929.385
MinimumVisualStudioVersion = 10.0.40219.1
Project("{FAE04EC0-301F-11D3-BF4B-00C04F79EFBC}") = "MSTestUserRegistration", "MSTestUserRegistration\MSTestUserRegistration.csproj", "{4C254476-60BD-4E32-877E-C4D131A56695}"
EndProject
Global
	GlobalSection(SolutionConfigurationPlatforms) = preSolution
		Debug|Any CPU = Debug|Any CPU
		Release|Any CPU = Release|Any CPU
	EndGlobalSection
	GlobalSection(ProjectConfigurationPlatforms) = postSolution
		{4C254476-60BD-4E32-877E-C4D131A56695}.Debug|Any CPU.ActiveCfg = Debug|Any CPU
		{4C254476-60BD-4E32-877E-C4D131A56695}.Debug|Any CPU.Build.0 = Debug|Any CPU
		{4C254476-60BD-4E32-877E-C4D131A56695}.Release|Any CPU.ActiveCfg = Release|Any CPU
		{4C254476-60BD-4E32-877E-C4D131A56695}.Release|Any CPU.Build.0 = Release|Any CPU
	EndGlobalSection
	GlobalSection(SolutionProperties) = preSolution
		HideSolutionNode = FALSE
	EndGlobalSection
	GlobalSection(ExtensibilityGlobals) = postSolution
		SolutionGuid = {53C44850-1CC9-45D7-9845-6B54EFFAF56E}
	EndGlobalSection
EndGlobal
